
Microsoft Visual Studio Solution File, Format Version 12.00
# Visual Studio Version 17
VisualStudioVersion = 17.0.31903.59
MinimumVisualStudioVersion = 10.0.40219.1
Project("{FAE04EC0-301F-11D3-BF4B-00C04F79EFBC}") = "Drastic.AppToolbox.Tests", "Drastic.AppToolbox.Tests\Drastic.AppToolbox.Tests.csproj", "{09E4C3D6-7236-42E5-888C-AFADA82F92D3}"
EndProject
Project("{FAE04EC0-301F-11D3-BF4B-00C04F79EFBC}") = "Drastic.AppToolbox", "..\src\Drastic.AppToolbox\Drastic.AppToolbox.csproj", "{5D1D0936-4E84-4F93-9679-5F808ABE7879}"
EndProject
Global
	GlobalSection(SolutionConfigurationPlatforms) = preSolution
		Debug|Any CPU = Debug|Any CPU
		Release|Any CPU = Release|Any CPU
	EndGlobalSection
	GlobalSection(SolutionProperties) = preSolution
		HideSolutionNode = FALSE
	EndGlobalSection
	GlobalSection(ProjectConfigurationPlatforms) = postSolution
		{09E4C3D6-7236-42E5-888C-AFADA82F92D3}.Debug|Any CPU.ActiveCfg = Debug|Any CPU
		{09E4C3D6-7236-42E5-888C-AFADA82F92D3}.Debug|Any CPU.Build.0 = Debug|Any CPU
		{09E4C3D6-7236-42E5-888C-AFADA82F92D3}.Release|Any CPU.ActiveCfg = Release|Any CPU
		{09E4C3D6-7236-42E5-888C-AFADA82F92D3}.Release|Any CPU.Build.0 = Release|Any CPU
		{5D1D0936-4E84-4F93-9679-5F808ABE7879}.Debug|Any CPU.ActiveCfg = Debug|Any CPU
		{5D1D0936-4E84-4F93-9679-5F808ABE7879}.Debug|Any CPU.Build.0 = Debug|Any CPU
		{5D1D0936-4E84-4F93-9679-5F808ABE7879}.Release|Any CPU.ActiveCfg = Release|Any CPU
		{5D1D0936-4E84-4F93-9679-5F808ABE7879}.Release|Any CPU.Build.0 = Release|Any CPU
	EndGlobalSection
EndGlobal
