
Microsoft Visual Studio Solution File, Format Version 12.00
# Visual Studio Version 17
VisualStudioVersion = 17.0.31903.59
MinimumVisualStudioVersion = 10.0.40219.1
Project("{FAE04EC0-301F-11D3-BF4B-00C04F79EFBC}") = "MauiSandbox", "MauiSandbox.csproj", "{8EF9BFCF-0551-4B72-8BC7-D2449AE00C87}"
EndProject
Project("{FAE04EC0-301F-11D3-BF4B-00C04F79EFBC}") = "Drastic.AppToolbox", "..\..\src\Drastic.AppToolbox\Drastic.AppToolbox.csproj", "{AC70EC43-8D64-4C25-A1AF-5D1ED66DD76D}"
EndProject
Global
	GlobalSection(SolutionConfigurationPlatforms) = preSolution
		Debug|Any CPU = Debug|Any CPU
		Release|Any CPU = Release|Any CPU
	EndGlobalSection
	GlobalSection(SolutionProperties) = preSolution
		HideSolutionNode = FALSE
	EndGlobalSection
	GlobalSection(ProjectConfigurationPlatforms) = postSolution
		{8EF9BFCF-0551-4B72-8BC7-D2449AE00C87}.Debug|Any CPU.ActiveCfg = Debug|Any CPU
		{8EF9BFCF-0551-4B72-8BC7-D2449AE00C87}.Debug|Any CPU.Build.0 = Debug|Any CPU
		{8EF9BFCF-0551-4B72-8BC7-D2449AE00C87}.Release|Any CPU.ActiveCfg = Release|Any CPU
		{8EF9BFCF-0551-4B72-8BC7-D2449AE00C87}.Release|Any CPU.Build.0 = Release|Any CPU
		{AC70EC43-8D64-4C25-A1AF-5D1ED66DD76D}.Debug|Any CPU.ActiveCfg = Debug|Any CPU
		{AC70EC43-8D64-4C25-A1AF-5D1ED66DD76D}.Debug|Any CPU.Build.0 = Debug|Any CPU
		{AC70EC43-8D64-4C25-A1AF-5D1ED66DD76D}.Release|Any CPU.ActiveCfg = Release|Any CPU
		{AC70EC43-8D64-4C25-A1AF-5D1ED66DD76D}.Release|Any CPU.Build.0 = Release|Any CPU
	EndGlobalSection
EndGlobal
